
Microsoft Visual Studio Solution File, Format Version 12.00
# Visual Studio Version 16
VisualStudioVersion = 16.0.31702.278
MinimumVisualStudioVersion = 10.0.40219.1
Project("{FAE04EC0-301F-11D3-BF4B-00C04F79EFBC}") = "oop-lab-6", "oop-lab-6.csproj", "{6E9F4FC5-497D-4B35-9BAC-153D5E7D334A}"
EndProject
Global
	GlobalSection(SolutionConfigurationPlatforms) = preSolution
		Debug|Any CPU = Debug|Any CPU
		Release|Any CPU = Release|Any CPU
	EndGlobalSection
	GlobalSection(ProjectConfigurationPlatforms) = postSolution
		{6E9F4FC5-497D-4B35-9BAC-153D5E7D334A}.Debug|Any CPU.ActiveCfg = Debug|Any CPU
		{6E9F4FC5-497D-4B35-9BAC-153D5E7D334A}.Debug|Any CPU.Build.0 = Debug|Any CPU
		{6E9F4FC5-497D-4B35-9BAC-153D5E7D334A}.Release|Any CPU.ActiveCfg = Release|Any CPU
		{6E9F4FC5-497D-4B35-9BAC-153D5E7D334A}.Release|Any CPU.Build.0 = Release|Any CPU
	EndGlobalSection
	GlobalSection(SolutionProperties) = preSolution
		HideSolutionNode = FALSE
	EndGlobalSection
	GlobalSection(ExtensibilityGlobals) = postSolution
		SolutionGuid = {CC73EA71-6D91-4939-96D6-220F99915C1B}
	EndGlobalSection
EndGlobal
