
Microsoft Visual Studio Solution File, Format Version 12.00
# Visual Studio Version 16
VisualStudioVersion = 16.0.33130.400
MinimumVisualStudioVersion = 10.0.40219.1
Project("{FAE04EC0-301F-11D3-BF4B-00C04F79EFBC}") = "oop-lab-7", "oop-lab-7.csproj", "{26E060D9-B8B1-4916-B5A5-D8A80321A97B}"
EndProject
Global
	GlobalSection(SolutionConfigurationPlatforms) = preSolution
		Debug|Any CPU = Debug|Any CPU
		Release|Any CPU = Release|Any CPU
	EndGlobalSection
	GlobalSection(ProjectConfigurationPlatforms) = postSolution
		{26E060D9-B8B1-4916-B5A5-D8A80321A97B}.Debug|Any CPU.ActiveCfg = Debug|Any CPU
		{26E060D9-B8B1-4916-B5A5-D8A80321A97B}.Debug|Any CPU.Build.0 = Debug|Any CPU
		{26E060D9-B8B1-4916-B5A5-D8A80321A97B}.Release|Any CPU.ActiveCfg = Release|Any CPU
		{26E060D9-B8B1-4916-B5A5-D8A80321A97B}.Release|Any CPU.Build.0 = Release|Any CPU
	EndGlobalSection
	GlobalSection(SolutionProperties) = preSolution
		HideSolutionNode = FALSE
	EndGlobalSection
	GlobalSection(ExtensibilityGlobals) = postSolution
		SolutionGuid = {5E6B0CBD-2E83-4324-B87E-7DF80DDCBE2A}
	EndGlobalSection
EndGlobal
